
Microsoft Visual Studio Solution File, Format Version 12.00
# Visual Studio Version 17
VisualStudioVersion = 17.3.32505.426
MinimumVisualStudioVersion = 10.0.40219.1
Project("{8BC9CEB8-8B4A-11D0-8D11-00A0C91BC942}") = "MyComponent", "MyComponent\MyComponent.vcxproj", "{6D403A7C-5029-4E2A-80DC-DF2CB0FDD021}"
EndProject
Project("{FAE04EC0-301F-11D3-BF4B-00C04F79EFBC}") = "MyApp", "MyApp\MyApp.csproj", "{80FFF571-5134-4459-AACC-B3A2B8C45C92}"
EndProject
Project("{FAE04EC0-301F-11D3-BF4B-00C04F79EFBC}") = "MyComponentProjection", "MyComponentProjection\MyComponentProjection.csproj", "{19B74914-426D-42D1-8248-CD0296142390}"
EndProject
Project("{2150E333-8FDC-42A3-9474-1A3956D46DE8}") = "Solution Items", "Solution Items", "{6326AFBB-2A80-4FA7-ACFC-26B1AD12B530}"
	ProjectSection(SolutionItems) = preProject
		Directory.Build.props = Directory.Build.props
	EndProjectSection
EndProject
Global
	GlobalSection(SolutionConfigurationPlatforms) = preSolution
		Debug|Any CPU = Debug|Any CPU
		Debug|arm64 = Debug|arm64
		Debug|x64 = Debug|x64
		Debug|x86 = Debug|x86
		Release|Any CPU = Release|Any CPU
		Release|arm64 = Release|arm64
		Release|x64 = Release|x64
		Release|x86 = Release|x86
	EndGlobalSection
	GlobalSection(ProjectConfigurationPlatforms) = postSolution
		{6D403A7C-5029-4E2A-80DC-DF2CB0FDD021}.Debug|Any CPU.ActiveCfg = Debug|x64
		{6D403A7C-5029-4E2A-80DC-DF2CB0FDD021}.Debug|Any CPU.Build.0 = Debug|x64
		{6D403A7C-5029-4E2A-80DC-DF2CB0FDD021}.Debug|arm64.ActiveCfg = Debug|arm64
		{6D403A7C-5029-4E2A-80DC-DF2CB0FDD021}.Debug|arm64.Build.0 = Debug|arm64
		{6D403A7C-5029-4E2A-80DC-DF2CB0FDD021}.Debug|x64.ActiveCfg = Debug|x64
		{6D403A7C-5029-4E2A-80DC-DF2CB0FDD021}.Debug|x64.Build.0 = Debug|x64
		{6D403A7C-5029-4E2A-80DC-DF2CB0FDD021}.Debug|x86.ActiveCfg = Debug|Win32
		{6D403A7C-5029-4E2A-80DC-DF2CB0FDD021}.Debug|x86.Build.0 = Debug|Win32
		{6D403A7C-5029-4E2A-80DC-DF2CB0FDD021}.Release|Any CPU.ActiveCfg = Release|x64
		{6D403A7C-5029-4E2A-80DC-DF2CB0FDD021}.Release|Any CPU.Build.0 = Release|x64
		{6D403A7C-5029-4E2A-80DC-DF2CB0FDD021}.Release|arm64.ActiveCfg = Release|arm64
		{6D403A7C-5029-4E2A-80DC-DF2CB0FDD021}.Release|arm64.Build.0 = Release|arm64
		{6D403A7C-5029-4E2A-80DC-DF2CB0FDD021}.Release|x64.ActiveCfg = Release|x64
		{6D403A7C-5029-4E2A-80DC-DF2CB0FDD021}.Release|x64.Build.0 = Release|x64
		{6D403A7C-5029-4E2A-80DC-DF2CB0FDD021}.Release|x86.ActiveCfg = Release|Win32
		{6D403A7C-5029-4E2A-80DC-DF2CB0FDD021}.Release|x86.Build.0 = Release|Win32
		{80FFF571-5134-4459-AACC-B3A2B8C45C92}.Debug|Any CPU.ActiveCfg = Debug|x64
		{80FFF571-5134-4459-AACC-B3A2B8C45C92}.Debug|Any CPU.Build.0 = Debug|x64
		{80FFF571-5134-4459-AACC-B3A2B8C45C92}.Debug|Any CPU.Deploy.0 = Debug|x64
		{80FFF571-5134-4459-AACC-B3A2B8C45C92}.Debug|arm64.ActiveCfg = Debug|arm64
		{80FFF571-5134-4459-AACC-B3A2B8C45C92}.Debug|arm64.Build.0 = Debug|arm64
		{80FFF571-5134-4459-AACC-B3A2B8C45C92}.Debug|arm64.Deploy.0 = Debug|arm64
		{80FFF571-5134-4459-AACC-B3A2B8C45C92}.Debug|x64.ActiveCfg = Debug|x64
		{80FFF571-5134-4459-AACC-B3A2B8C45C92}.Debug|x64.Build.0 = Debug|x64
		{80FFF571-5134-4459-AACC-B3A2B8C45C92}.Debug|x64.Deploy.0 = Debug|x64
		{80FFF571-5134-4459-AACC-B3A2B8C45C92}.Debug|x86.ActiveCfg = Debug|x86
		{80FFF571-5134-4459-AACC-B3A2B8C45C92}.Debug|x86.Build.0 = Debug|x86
		{80FFF571-5134-4459-AACC-B3A2B8C45C92}.Debug|x86.Deploy.0 = Debug|x86
		{80FFF571-5134-4459-AACC-B3A2B8C45C92}.Release|Any CPU.ActiveCfg = Release|x64
		{80FFF571-5134-4459-AACC-B3A2B8C45C92}.Release|Any CPU.Build.0 = Release|x64
		{80FFF571-5134-4459-AACC-B3A2B8C45C92}.Release|Any CPU.Deploy.0 = Release|x64
		{80FFF571-5134-4459-AACC-B3A2B8C45C92}.Release|arm64.ActiveCfg = Release|arm64
		{80FFF571-5134-4459-AACC-B3A2B8C45C92}.Release|arm64.Build.0 = Release|arm64
		{80FFF571-5134-4459-AACC-B3A2B8C45C92}.Release|arm64.Deploy.0 = Release|arm64
		{80FFF571-5134-4459-AACC-B3A2B8C45C92}.Release|x64.ActiveCfg = Release|x64
		{80FFF571-5134-4459-AACC-B3A2B8C45C92}.Release|x64.Build.0 = Release|x64
		{80FFF571-5134-4459-AACC-B3A2B8C45C92}.Release|x64.Deploy.0 = Release|x64
		{80FFF571-5134-4459-AACC-B3A2B8C45C92}.Release|x86.ActiveCfg = Release|x86
		{80FFF571-5134-4459-AACC-B3A2B8C45C92}.Release|x86.Build.0 = Release|x86
		{80FFF571-5134-4459-AACC-B3A2B8C45C92}.Release|x86.Deploy.0 = Release|x86
		{19B74914-426D-42D1-8248-CD0296142390}.Debug|Any CPU.ActiveCfg = Debug|Any CPU
		{19B74914-426D-42D1-8248-CD0296142390}.Debug|Any CPU.Build.0 = Debug|Any CPU
		{19B74914-426D-42D1-8248-CD0296142390}.Debug|arm64.ActiveCfg = Debug|Any CPU
		{19B74914-426D-42D1-8248-CD0296142390}.Debug|arm64.Build.0 = Debug|Any CPU
		{19B74914-426D-42D1-8248-CD0296142390}.Debug|x64.ActiveCfg = Debug|Any CPU
		{19B74914-426D-42D1-8248-CD0296142390}.Debug|x64.Build.0 = Debug|Any CPU
		{19B74914-426D-42D1-8248-CD0296142390}.Debug|x86.ActiveCfg = Debug|Any CPU
		{19B74914-426D-42D1-8248-CD0296142390}.Debug|x86.Build.0 = Debug|Any CPU
		{19B74914-426D-42D1-8248-CD0296142390}.Release|Any CPU.ActiveCfg = Release|Any CPU
		{19B74914-426D-42D1-8248-CD0296142390}.Release|Any CPU.Build.0 = Release|Any CPU
		{19B74914-426D-42D1-8248-CD0296142390}.Release|arm64.ActiveCfg = Release|Any CPU
		{19B74914-426D-42D1-8248-CD0296142390}.Release|arm64.Build.0 = Release|Any CPU
		{19B74914-426D-42D1-8248-CD0296142390}.Release|x64.ActiveCfg = Release|x64
		{19B74914-426D-42D1-8248-CD0296142390}.Release|x86.ActiveCfg = Release|Any CPU
		{19B74914-426D-42D1-8248-CD0296142390}.Release|x86.Build.0 = Release|Any CPU
	EndGlobalSection
	GlobalSection(SolutionProperties) = preSolution
		HideSolutionNode = FALSE
	EndGlobalSection
	GlobalSection(ExtensibilityGlobals) = postSolution
		SolutionGuid = {7767340E-67A9-4AAC-AC72-2DAAB640810A}
	EndGlobalSection
EndGlobal
